# This file is autogenerated, do not edit; changes may be undone by the next 'dep ensure'.


[[projects]]
  digest = "1:c8bc6cc8a13405a9ebfdc76a4279d52ff3e13dd4f73766b7a1ff6b45aa609fc3"
  name = "github.com/aws/aws-lambda-go"
  packages = [
    "events",
    "lambda",
    "lambda/handlertrace",
    "lambda/messages",
    "lambdacontext",
  ]
  pruneopts = "UT"
  revision = "b5b7267d297de263cc5b61f8c37543daa9c95ffd"
  version = "v1.13.3"

[[projects]]
  digest = "1:144921c08f29f07256e59988066fc43792710f716500832f867725e39373f90f"
  name = "github.com/fnproject/fdk-go"
  packages = ["."]
  pruneopts = "UT"
  revision = "e0af12e7b04464874b1b44b7b765d0054ded019f"
  version = "v0.0.1"

[[projects]]
  branch = "master"
  digest = "1:d414058838cbe9c12bf62ce696624ed7ef36a9b82e388d6d5ed4a20326219a78"
  name = "github.com/tencentyun/scf-go-lib"
  packages = [
    "cloudfunction",
    "cloudfunction/messages",
    "functioncontext",
  ]
  pruneopts = "UT"
  revision = "4a2819cda3204056923e3572cac5e9be283b4181"

[solve-meta]
  analyzer-name = "dep"
  analyzer-version = 1
  input-imports = [
    "github.com/aws/aws-lambda-go/events",
    "github.com/aws/aws-lambda-go/lambda",
    "github.com/fnproject/fdk-go",
    "github.com/tencentyun/scf-go-lib/cloudfunction",
  ]
  solver-name = "gps-cdcl"
  solver-version = 1
